// !$*UTF8*$!
{
	archiveVersion = 1;
	classes = {
	};
	objectVersion = 46;
	objects = {

/* Begin PBXBuildFile section */
		3A432129AC66B81D07D9692A /* Pods_Invoker.framework in Frameworks */ = {isa = PBXBuildFile; fileRef = 1D7AC30AEE89A0BF5FDDC56A /* Pods_Invoker.framework */; };
		A78256E11E9F1B1500DA65FA /* AppDelegate.swift in Sources */ = {isa = PBXBuildFile; fileRef = A78256E01E9F1B1500DA65FA /* AppDelegate.swift */; };
		A78256E81E9F1B1500DA65FA /* Assets.xcassets in Resources */ = {isa = PBXBuildFile; fileRef = A78256E71E9F1B1500DA65FA /* Assets.xcassets */; };
		A78256EB1E9F1B1500DA65FA /* LaunchScreen.storyboard in Resources */ = {isa = PBXBuildFile; fileRef = A78256E91E9F1B1500DA65FA /* LaunchScreen.storyboard */; };
		A78256F61E9F1B1500DA65FA /* InvokerTests.swift in Sources */ = {isa = PBXBuildFile; fileRef = A78256F51E9F1B1500DA65FA /* InvokerTests.swift */; };
		A78257011E9F1B1500DA65FA /* InvokerUITests.swift in Sources */ = {isa = PBXBuildFile; fileRef = A78257001E9F1B1500DA65FA /* InvokerUITests.swift */; };
		A78257621EA068D000DA65FA /* BaseNavigationController.swift in Sources */ = {isa = PBXBuildFile; fileRef = A782570F1EA068D000DA65FA /* BaseNavigationController.swift */; };
		A78257631EA068D000DA65FA /* BaseViewController.swift in Sources */ = {isa = PBXBuildFile; fileRef = A78257101EA068D000DA65FA /* BaseViewController.swift */; };
		A78257781EA068D000DA65FA /* ConstDataService.swift in Sources */ = {isa = PBXBuildFile; fileRef = A782572A1EA068D000DA65FA /* ConstDataService.swift */; };
		A78257791EA068D000DA65FA /* NetworkService.swift in Sources */ = {isa = PBXBuildFile; fileRef = A782572B1EA068D000DA65FA /* NetworkService.swift */; };
		A782577A1EA068D000DA65FA /* StartService.swift in Sources */ = {isa = PBXBuildFile; fileRef = A782572C1EA068D000DA65FA /* StartService.swift */; };
		A782577B1EA068D000DA65FA /* UserDefaultsService.swift in Sources */ = {isa = PBXBuildFile; fileRef = A782572D1EA068D000DA65FA /* UserDefaultsService.swift */; };
		A782577C1EA068D000DA65FA /* AppInfo.swift in Sources */ = {isa = PBXBuildFile; fileRef = A782572F1EA068D000DA65FA /* AppInfo.swift */; };
		A782577D1EA068D000DA65FA /* TyAlertHUD.swift in Sources */ = {isa = PBXBuildFile; fileRef = A78257301EA068D000DA65FA /* TyAlertHUD.swift */; };
		A782577E1EA068D000DA65FA /* TyRegular.swift in Sources */ = {isa = PBXBuildFile; fileRef = A78257311EA068D000DA65FA /* TyRegular.swift */; };
		A78257971EA068D000DA65FA /* Root.storyboard in Resources */ = {isa = PBXBuildFile; fileRef = A78257541EA068D000DA65FA /* Root.storyboard */; };
		A78257A51EA06A2A00DA65FA /* RootTabBarController.swift in Sources */ = {isa = PBXBuildFile; fileRef = A78257A41EA06A2A00DA65FA /* RootTabBarController.swift */; };
		A78257BC1EA0A2A600DA65FA /* Array+Tommy.swift in Sources */ = {isa = PBXBuildFile; fileRef = A78257A91EA0A2A600DA65FA /* Array+Tommy.swift */; };
		A78257BD1EA0A2A600DA65FA /* CGFloat+Tommy.swift in Sources */ = {isa = PBXBuildFile; fileRef = A78257AA1EA0A2A600DA65FA /* CGFloat+Tommy.swift */; };
		A78257BE1EA0A2A600DA65FA /* Date+Tommy.swift in Sources */ = {isa = PBXBuildFile; fileRef = A78257AB1EA0A2A600DA65FA /* Date+Tommy.swift */; };
		A78257BF1EA0A2A600DA65FA /* Dictionary+Tommy.swift in Sources */ = {isa = PBXBuildFile; fileRef = A78257AC1EA0A2A600DA65FA /* Dictionary+Tommy.swift */; };
		A78257C01EA0A2A600DA65FA /* Int+Tommy.swift in Sources */ = {isa = PBXBuildFile; fileRef = A78257AD1EA0A2A600DA65FA /* Int+Tommy.swift */; };
		A78257C11EA0A2A600DA65FA /* NSAttributedString+Tommy.swift in Sources */ = {isa = PBXBuildFile; fileRef = A78257AE1EA0A2A600DA65FA /* NSAttributedString+Tommy.swift */; };
		A78257C21EA0A2A600DA65FA /* String+Tommy.swift in Sources */ = {isa = PBXBuildFile; fileRef = A78257AF1EA0A2A600DA65FA /* String+Tommy.swift */; };
		A78257C31EA0A2A600DA65FA /* Timer+Tommy.swift in Sources */ = {isa = PBXBuildFile; fileRef = A78257B01EA0A2A600DA65FA /* Timer+Tommy.swift */; };
		A78257C51EA0A2A600DA65FA /* CAShapeLayer+Tommy.swift in Sources */ = {isa = PBXBuildFile; fileRef = A78257B31EA0A2A600DA65FA /* CAShapeLayer+Tommy.swift */; };
		A78257C61EA0A2A600DA65FA /* UIButton+Tommy.swift in Sources */ = {isa = PBXBuildFile; fileRef = A78257B41EA0A2A600DA65FA /* UIButton+Tommy.swift */; };
		A78257C71EA0A2A600DA65FA /* UIColor+Tommy.swift in Sources */ = {isa = PBXBuildFile; fileRef = A78257B51EA0A2A600DA65FA /* UIColor+Tommy.swift */; };
		A78257C81EA0A2A600DA65FA /* UIDeviceExtensions.swift in Sources */ = {isa = PBXBuildFile; fileRef = A78257B61EA0A2A600DA65FA /* UIDeviceExtensions.swift */; };
		A78257C91EA0A2A600DA65FA /* UIImage+Tommy.swift in Sources */ = {isa = PBXBuildFile; fileRef = A78257B71EA0A2A600DA65FA /* UIImage+Tommy.swift */; };
		A78257CA1EA0A2A600DA65FA /* UIStoryBoard+Tommy.swift in Sources */ = {isa = PBXBuildFile; fileRef = A78257B81EA0A2A600DA65FA /* UIStoryBoard+Tommy.swift */; };
		A78257CB1EA0A2A600DA65FA /* UITableView+Tommy.swift in Sources */ = {isa = PBXBuildFile; fileRef = A78257B91EA0A2A600DA65FA /* UITableView+Tommy.swift */; };
		A78257CC1EA0A2A600DA65FA /* UIView+Tommy.swift in Sources */ = {isa = PBXBuildFile; fileRef = A78257BA1EA0A2A600DA65FA /* UIView+Tommy.swift */; };
		A78257CD1EA0A2A600DA65FA /* UIViewController+Tommy.swift in Sources */ = {isa = PBXBuildFile; fileRef = A78257BB1EA0A2A600DA65FA /* UIViewController+Tommy.swift */; };
		A78257D11EA0A48200DA65FA /* MainViewController.swift in Sources */ = {isa = PBXBuildFile; fileRef = A78257D01EA0A48200DA65FA /* MainViewController.swift */; };
		A78257D31EA0AB9B00DA65FA /* BlockButton.swift in Sources */ = {isa = PBXBuildFile; fileRef = A78257D21EA0AB9B00DA65FA /* BlockButton.swift */; };
		A7AD6A131EA5C26D008859D4 /* AccountBookMainViewController.swift in Sources */ = {isa = PBXBuildFile; fileRef = A7AD6A121EA5C26D008859D4 /* AccountBookMainViewController.swift */; };
		A7AD6A151EA5C2EB008859D4 /* AccountBook.storyboard in Resources */ = {isa = PBXBuildFile; fileRef = A7AD6A141EA5C2EB008859D4 /* AccountBook.storyboard */; };
		A7AD6A181EA5FF9A008859D4 /* MineMainViewController.swift in Sources */ = {isa = PBXBuildFile; fileRef = A7AD6A171EA5FF9A008859D4 /* MineMainViewController.swift */; };
		A7AD6A1A1EA5FFEE008859D4 /* Mine.storyboard in Resources */ = {isa = PBXBuildFile; fileRef = A7AD6A191EA5FFEE008859D4 /* Mine.storyboard */; };
		A7AD6A1F1EA6F5FE008859D4 /* TyLoadingView.swift in Sources */ = {isa = PBXBuildFile; fileRef = A7AD6A1D1EA6F5FE008859D4 /* TyLoadingView.swift */; };
		A7AD6A201EA6F5FE008859D4 /* TyPlaceholderView.swift in Sources */ = {isa = PBXBuildFile; fileRef = A7AD6A1E1EA6F5FE008859D4 /* TyPlaceholderView.swift */; };
/* End PBXBuildFile section */

/* Begin PBXContainerItemProxy section */
		A78256F21E9F1B1500DA65FA /* PBXContainerItemProxy */ = {
			isa = PBXContainerItemProxy;
			containerPortal = A78256D51E9F1B1500DA65FA /* Project object */;
			proxyType = 1;
			remoteGlobalIDString = A78256DC1E9F1B1500DA65FA;
			remoteInfo = Invoker;
		};
		A78256FD1E9F1B1500DA65FA /* PBXContainerItemProxy */ = {
			isa = PBXContainerItemProxy;
			containerPortal = A78256D51E9F1B1500DA65FA /* Project object */;
			proxyType = 1;
			remoteGlobalIDString = A78256DC1E9F1B1500DA65FA;
			remoteInfo = Invoker;
		};
/* End PBXContainerItemProxy section */

/* Begin PBXFileReference section */
		1D7AC30AEE89A0BF5FDDC56A /* Pods_Invoker.framework */ = {isa = PBXFileReference; explicitFileType = wrapper.framework; includeInIndex = 0; path = Pods_Invoker.framework; sourceTree = BUILT_PRODUCTS_DIR; };
		8AEBA274BA00CAA74C058A11 /* Pods-Invoker.release.xcconfig */ = {isa = PBXFileReference; includeInIndex = 1; lastKnownFileType = text.xcconfig; name = "Pods-Invoker.release.xcconfig"; path = "Pods/Target Support Files/Pods-Invoker/Pods-Invoker.release.xcconfig"; sourceTree = "<group>"; };
		A6AA4E3B5EC6BCDBCC66FB37 /* Pods-Invoker.debug.xcconfig */ = {isa = PBXFileReference; includeInIndex = 1; lastKnownFileType = text.xcconfig; name = "Pods-Invoker.debug.xcconfig"; path = "Pods/Target Support Files/Pods-Invoker/Pods-Invoker.debug.xcconfig"; sourceTree = "<group>"; };
		A78256DD1E9F1B1500DA65FA /* Invoker.app */ = {isa = PBXFileReference; explicitFileType = wrapper.application; includeInIndex = 0; path = Invoker.app; sourceTree = BUILT_PRODUCTS_DIR; };
		A78256E01E9F1B1500DA65FA /* AppDelegate.swift */ = {isa = PBXFileReference; lastKnownFileType = sourcecode.swift; path = AppDelegate.swift; sourceTree = "<group>"; };
		A78256E71E9F1B1500DA65FA /* Assets.xcassets */ = {isa = PBXFileReference; lastKnownFileType = folder.assetcatalog; path = Assets.xcassets; sourceTree = "<group>"; };
		A78256EA1E9F1B1500DA65FA /* Base */ = {isa = PBXFileReference; lastKnownFileType = file.storyboard; name = Base; path = Base.lproj/LaunchScreen.storyboard; sourceTree = "<group>"; };
		A78256EC1E9F1B1500DA65FA /* Info.plist */ = {isa = PBXFileReference; lastKnownFileType = text.plist.xml; path = Info.plist; sourceTree = "<group>"; };
		A78256F11E9F1B1500DA65FA /* InvokerTests.xctest */ = {isa = PBXFileReference; explicitFileType = wrapper.cfbundle; includeInIndex = 0; path = InvokerTests.xctest; sourceTree = BUILT_PRODUCTS_DIR; };
		A78256F51E9F1B1500DA65FA /* InvokerTests.swift */ = {isa = PBXFileReference; lastKnownFileType = sourcecode.swift; path = InvokerTests.swift; sourceTree = "<group>"; };
		A78256F71E9F1B1500DA65FA /* Info.plist */ = {isa = PBXFileReference; lastKnownFileType = text.plist.xml; path = Info.plist; sourceTree = "<group>"; };
		A78256FC1E9F1B1500DA65FA /* InvokerUITests.xctest */ = {isa = PBXFileReference; explicitFileType = wrapper.cfbundle; includeInIndex = 0; path = InvokerUITests.xctest; sourceTree = BUILT_PRODUCTS_DIR; };
		A78257001E9F1B1500DA65FA /* InvokerUITests.swift */ = {isa = PBXFileReference; lastKnownFileType = sourcecode.swift; path = InvokerUITests.swift; sourceTree = "<group>"; };
		A78257021E9F1B1500DA65FA /* Info.plist */ = {isa = PBXFileReference; lastKnownFileType = text.plist.xml; path = Info.plist; sourceTree = "<group>"; };
		A782570F1EA068D000DA65FA /* BaseNavigationController.swift */ = {isa = PBXFileReference; fileEncoding = 4; lastKnownFileType = sourcecode.swift; path = BaseNavigationController.swift; sourceTree = "<group>"; };
		A78257101EA068D000DA65FA /* BaseViewController.swift */ = {isa = PBXFileReference; fileEncoding = 4; lastKnownFileType = sourcecode.swift; path = BaseViewController.swift; sourceTree = "<group>"; };
		A782572A1EA068D000DA65FA /* ConstDataService.swift */ = {isa = PBXFileReference; fileEncoding = 4; lastKnownFileType = sourcecode.swift; path = ConstDataService.swift; sourceTree = "<group>"; };
		A782572B1EA068D000DA65FA /* NetworkService.swift */ = {isa = PBXFileReference; fileEncoding = 4; lastKnownFileType = sourcecode.swift; path = NetworkService.swift; sourceTree = "<group>"; };
		A782572C1EA068D000DA65FA /* StartService.swift */ = {isa = PBXFileReference; fileEncoding = 4; lastKnownFileType = sourcecode.swift; path = StartService.swift; sourceTree = "<group>"; };
		A782572D1EA068D000DA65FA /* UserDefaultsService.swift */ = {isa = PBXFileReference; fileEncoding = 4; lastKnownFileType = sourcecode.swift; path = UserDefaultsService.swift; sourceTree = "<group>"; };
		A782572F1EA068D000DA65FA /* AppInfo.swift */ = {isa = PBXFileReference; fileEncoding = 4; lastKnownFileType = sourcecode.swift; path = AppInfo.swift; sourceTree = "<group>"; };
		A78257301EA068D000DA65FA /* TyAlertHUD.swift */ = {isa = PBXFileReference; fileEncoding = 4; lastKnownFileType = sourcecode.swift; path = TyAlertHUD.swift; sourceTree = "<group>"; };
		A78257311EA068D000DA65FA /* TyRegular.swift */ = {isa = PBXFileReference; fileEncoding = 4; lastKnownFileType = sourcecode.swift; path = TyRegular.swift; sourceTree = "<group>"; };
		A78257541EA068D000DA65FA /* Root.storyboard */ = {isa = PBXFileReference; fileEncoding = 4; lastKnownFileType = file.storyboard; path = Root.storyboard; sourceTree = "<group>"; };
		A78257A41EA06A2A00DA65FA /* RootTabBarController.swift */ = {isa = PBXFileReference; fileEncoding = 4; lastKnownFileType = sourcecode.swift; path = RootTabBarController.swift; sourceTree = "<group>"; };
		A78257A91EA0A2A600DA65FA /* Array+Tommy.swift */ = {isa = PBXFileReference; fileEncoding = 4; lastKnownFileType = sourcecode.swift; path = "Array+Tommy.swift"; sourceTree = "<group>"; };
		A78257AA1EA0A2A600DA65FA /* CGFloat+Tommy.swift */ = {isa = PBXFileReference; fileEncoding = 4; lastKnownFileType = sourcecode.swift; path = "CGFloat+Tommy.swift"; sourceTree = "<group>"; };
		A78257AB1EA0A2A600DA65FA /* Date+Tommy.swift */ = {isa = PBXFileReference; fileEncoding = 4; lastKnownFileType = sourcecode.swift; path = "Date+Tommy.swift"; sourceTree = "<group>"; };
		A78257AC1EA0A2A600DA65FA /* Dictionary+Tommy.swift */ = {isa = PBXFileReference; fileEncoding = 4; lastKnownFileType = sourcecode.swift; path = "Dictionary+Tommy.swift"; sourceTree = "<group>"; };
		A78257AD1EA0A2A600DA65FA /* Int+Tommy.swift */ = {isa = PBXFileReference; fileEncoding = 4; lastKnownFileType = sourcecode.swift; path = "Int+Tommy.swift"; sourceTree = "<group>"; };
		A78257AE1EA0A2A600DA65FA /* NSAttributedString+Tommy.swift */ = {isa = PBXFileReference; fileEncoding = 4; lastKnownFileType = sourcecode.swift; path = "NSAttributedString+Tommy.swift"; sourceTree = "<group>"; };
		A78257AF1EA0A2A600DA65FA /* String+Tommy.swift */ = {isa = PBXFileReference; fileEncoding = 4; lastKnownFileType = sourcecode.swift; path = "String+Tommy.swift"; sourceTree = "<group>"; };
		A78257B01EA0A2A600DA65FA /* Timer+Tommy.swift */ = {isa = PBXFileReference; fileEncoding = 4; lastKnownFileType = sourcecode.swift; path = "Timer+Tommy.swift"; sourceTree = "<group>"; };
		A78257B31EA0A2A600DA65FA /* CAShapeLayer+Tommy.swift */ = {isa = PBXFileReference; fileEncoding = 4; lastKnownFileType = sourcecode.swift; path = "CAShapeLayer+Tommy.swift"; sourceTree = "<group>"; };
		A78257B41EA0A2A600DA65FA /* UIButton+Tommy.swift */ = {isa = PBXFileReference; fileEncoding = 4; lastKnownFileType = sourcecode.swift; path = "UIButton+Tommy.swift"; sourceTree = "<group>"; };
		A78257B51EA0A2A600DA65FA /* UIColor+Tommy.swift */ = {isa = PBXFileReference; fileEncoding = 4; lastKnownFileType = sourcecode.swift; path = "UIColor+Tommy.swift"; sourceTree = "<group>"; };
		A78257B61EA0A2A600DA65FA /* UIDeviceExtensions.swift */ = {isa = PBXFileReference; fileEncoding = 4; lastKnownFileType = sourcecode.swift; path = UIDeviceExtensions.swift; sourceTree = "<group>"; };
		A78257B71EA0A2A600DA65FA /* UIImage+Tommy.swift */ = {isa = PBXFileReference; fileEncoding = 4; lastKnownFileType = sourcecode.swift; path = "UIImage+Tommy.swift"; sourceTree = "<group>"; };
		A78257B81EA0A2A600DA65FA /* UIStoryBoard+Tommy.swift */ = {isa = PBXFileReference; fileEncoding = 4; lastKnownFileType = sourcecode.swift; path = "UIStoryBoard+Tommy.swift"; sourceTree = "<group>"; };
		A78257B91EA0A2A600DA65FA /* UITableView+Tommy.swift */ = {isa = PBXFileReference; fileEncoding = 4; lastKnownFileType = sourcecode.swift; path = "UITableView+Tommy.swift"; sourceTree = "<group>"; };
		A78257BA1EA0A2A600DA65FA /* UIView+Tommy.swift */ = {isa = PBXFileReference; fileEncoding = 4; lastKnownFileType = sourcecode.swift; path = "UIView+Tommy.swift"; sourceTree = "<group>"; };
		A78257BB1EA0A2A600DA65FA /* UIViewController+Tommy.swift */ = {isa = PBXFileReference; fileEncoding = 4; lastKnownFileType = sourcecode.swift; path = "UIViewController+Tommy.swift"; sourceTree = "<group>"; };
		A78257D01EA0A48200DA65FA /* MainViewController.swift */ = {isa = PBXFileReference; fileEncoding = 4; lastKnownFileType = sourcecode.swift; path = MainViewController.swift; sourceTree = "<group>"; };
		A78257D21EA0AB9B00DA65FA /* BlockButton.swift */ = {isa = PBXFileReference; fileEncoding = 4; lastKnownFileType = sourcecode.swift; path = BlockButton.swift; sourceTree = "<group>"; };
		A7AD6A121EA5C26D008859D4 /* AccountBookMainViewController.swift */ = {isa = PBXFileReference; fileEncoding = 4; lastKnownFileType = sourcecode.swift; path = AccountBookMainViewController.swift; sourceTree = "<group>"; };
		A7AD6A141EA5C2EB008859D4 /* AccountBook.storyboard */ = {isa = PBXFileReference; fileEncoding = 4; lastKnownFileType = file.storyboard; path = AccountBook.storyboard; sourceTree = "<group>"; };
		A7AD6A171EA5FF9A008859D4 /* MineMainViewController.swift */ = {isa = PBXFileReference; fileEncoding = 4; lastKnownFileType = sourcecode.swift; path = MineMainViewController.swift; sourceTree = "<group>"; };
		A7AD6A191EA5FFEE008859D4 /* Mine.storyboard */ = {isa = PBXFileReference; fileEncoding = 4; lastKnownFileType = file.storyboard; path = Mine.storyboard; sourceTree = "<group>"; };
		A7AD6A1D1EA6F5FE008859D4 /* TyLoadingView.swift */ = {isa = PBXFileReference; fileEncoding = 4; lastKnownFileType = sourcecode.swift; path = TyLoadingView.swift; sourceTree = "<group>"; };
		A7AD6A1E1EA6F5FE008859D4 /* TyPlaceholderView.swift */ = {isa = PBXFileReference; fileEncoding = 4; lastKnownFileType = sourcecode.swift; path = TyPlaceholderView.swift; sourceTree = "<group>"; };
/* End PBXFileReference section */

/* Begin PBXFrameworksBuildPhase section */
		A78256DA1E9F1B1500DA65FA /* Frameworks */ = {
			isa = PBXFrameworksBuildPhase;
			buildActionMask = 2147483647;
			files = (
				3A432129AC66B81D07D9692A /* Pods_Invoker.framework in Frameworks */,
			);
			runOnlyForDeploymentPostprocessing = 0;
		};
		A78256EE1E9F1B1500DA65FA /* Frameworks */ = {
			isa = PBXFrameworksBuildPhase;
			buildActionMask = 2147483647;
			files = (
			);
			runOnlyForDeploymentPostprocessing = 0;
		};
		A78256F91E9F1B1500DA65FA /* Frameworks */ = {
			isa = PBXFrameworksBuildPhase;
			buildActionMask = 2147483647;
			files = (
			);
			runOnlyForDeploymentPostprocessing = 0;
		};
/* End PBXFrameworksBuildPhase section */

/* Begin PBXGroup section */
		A78256D41E9F1B1500DA65FA = {
			isa = PBXGroup;
			children = (
				A78256DF1E9F1B1500DA65FA /* Invoker */,
				A78256F41E9F1B1500DA65FA /* InvokerTests */,
				A78256FF1E9F1B1500DA65FA /* InvokerUITests */,
				A78256DE1E9F1B1500DA65FA /* Products */,
				E7B7CF34B96E0D6C25007308 /* Pods */,
				FD688D94B679F8C7C30AE249 /* Frameworks */,
			);
			sourceTree = "<group>";
		};
		A78256DE1E9F1B1500DA65FA /* Products */ = {
			isa = PBXGroup;
			children = (
				A78256DD1E9F1B1500DA65FA /* Invoker.app */,
				A78256F11E9F1B1500DA65FA /* InvokerTests.xctest */,
				A78256FC1E9F1B1500DA65FA /* InvokerUITests.xctest */,
			);
			name = Products;
			sourceTree = "<group>";
		};
		A78256DF1E9F1B1500DA65FA /* Invoker */ = {
			isa = PBXGroup;
			children = (
				A782570E1EA068D000DA65FA /* Base */,
				A782574C1EA068D000DA65FA /* ViewControllers */,
				A78257111EA068D000DA65FA /* Extension */,
				A78257241EA068D000DA65FA /* Models */,
				A78257251EA068D000DA65FA /* Protocol */,
				A78257261EA068D000DA65FA /* Resources */,
				A78257291EA068D000DA65FA /* Services */,
				A782572E1EA068D000DA65FA /* Utils */,
				A78257321EA068D000DA65FA /* Venders */,
				A78257561EA068D000DA65FA /* Views */,
				A78256E01E9F1B1500DA65FA /* AppDelegate.swift */,
				A78256E71E9F1B1500DA65FA /* Assets.xcassets */,
				A78256E91E9F1B1500DA65FA /* LaunchScreen.storyboard */,
				A78256EC1E9F1B1500DA65FA /* Info.plist */,
			);
			path = Invoker;
			sourceTree = "<group>";
		};
		A78256F41E9F1B1500DA65FA /* InvokerTests */ = {
			isa = PBXGroup;
			children = (
				A78256F51E9F1B1500DA65FA /* InvokerTests.swift */,
				A78256F71E9F1B1500DA65FA /* Info.plist */,
			);
			path = InvokerTests;
			sourceTree = "<group>";
		};
		A78256FF1E9F1B1500DA65FA /* InvokerUITests */ = {
			isa = PBXGroup;
			children = (
				A78257001E9F1B1500DA65FA /* InvokerUITests.swift */,
				A78257021E9F1B1500DA65FA /* Info.plist */,
			);
			path = InvokerUITests;
			sourceTree = "<group>";
		};
		A782570E1EA068D000DA65FA /* Base */ = {
			isa = PBXGroup;
			children = (
				A782570F1EA068D000DA65FA /* BaseNavigationController.swift */,
				A78257101EA068D000DA65FA /* BaseViewController.swift */,
			);
			path = Base;
			sourceTree = "<group>";
		};
		A78257111EA068D000DA65FA /* Extension */ = {
			isa = PBXGroup;
			children = (
				A78257A81EA0A2A600DA65FA /* Foundation */,
				A78257B11EA0A2A600DA65FA /* UIKit */,
			);
			path = Extension;
			sourceTree = "<group>";
		};
		A78257241EA068D000DA65FA /* Models */ = {
			isa = PBXGroup;
			children = (
			);
			path = Models;
			sourceTree = "<group>";
		};
		A78257251EA068D000DA65FA /* Protocol */ = {
			isa = PBXGroup;
			children = (
			);
			path = Protocol;
			sourceTree = "<group>";
		};
		A78257261EA068D000DA65FA /* Resources */ = {
			isa = PBXGroup;
			children = (
			);
			path = Resources;
			sourceTree = "<group>";
		};
		A78257291EA068D000DA65FA /* Services */ = {
			isa = PBXGroup;
			children = (
				A782572A1EA068D000DA65FA /* ConstDataService.swift */,
				A782572B1EA068D000DA65FA /* NetworkService.swift */,
				A782572C1EA068D000DA65FA /* StartService.swift */,
				A782572D1EA068D000DA65FA /* UserDefaultsService.swift */,
			);
			path = Services;
			sourceTree = "<group>";
		};
		A782572E1EA068D000DA65FA /* Utils */ = {
			isa = PBXGroup;
			children = (
				A782572F1EA068D000DA65FA /* AppInfo.swift */,
				A78257301EA068D000DA65FA /* TyAlertHUD.swift */,
				A78257311EA068D000DA65FA /* TyRegular.swift */,
			);
			path = Utils;
			sourceTree = "<group>";
		};
		A78257321EA068D000DA65FA /* Venders */ = {
			isa = PBXGroup;
			children = (
				A78257D21EA0AB9B00DA65FA /* BlockButton.swift */,
			);
			path = Venders;
			sourceTree = "<group>";
		};
		A782574C1EA068D000DA65FA /* ViewControllers */ = {
			isa = PBXGroup;
			children = (
				A78257CF1EA0A45400DA65FA /* Root */,
				A7AD6A111EA5C187008859D4 /* AccountBook */,
				A7AD6A161EA5FF8E008859D4 /* Mine */,
				A78257CE1EA0A45100DA65FA /* Main */,
			);
			path = ViewControllers;
			sourceTree = "<group>";
		};
		A78257561EA068D000DA65FA /* Views */ = {
			isa = PBXGroup;
			children = (
				A7AD6A1C1EA6F5B0008859D4 /* CustomTool */,
				A7AD6A1B1EA6F579008859D4 /* Chart */,
			);
			path = Views;
			sourceTree = "<group>";
		};
		A78257A81EA0A2A600DA65FA /* Foundation */ = {
			isa = PBXGroup;
			children = (
				A78257A91EA0A2A600DA65FA /* Array+Tommy.swift */,
				A78257AA1EA0A2A600DA65FA /* CGFloat+Tommy.swift */,
				A78257AB1EA0A2A600DA65FA /* Date+Tommy.swift */,
				A78257AC1EA0A2A600DA65FA /* Dictionary+Tommy.swift */,
				A78257AD1EA0A2A600DA65FA /* Int+Tommy.swift */,
				A78257AE1EA0A2A600DA65FA /* NSAttributedString+Tommy.swift */,
				A78257AF1EA0A2A600DA65FA /* String+Tommy.swift */,
				A78257B01EA0A2A600DA65FA /* Timer+Tommy.swift */,
			);
			path = Foundation;
			sourceTree = "<group>";
		};
		A78257B11EA0A2A600DA65FA /* UIKit */ = {
			isa = PBXGroup;
			children = (
				A78257BB1EA0A2A600DA65FA /* UIViewController+Tommy.swift */,
				A78257B81EA0A2A600DA65FA /* UIStoryBoard+Tommy.swift */,
				A78257B31EA0A2A600DA65FA /* CAShapeLayer+Tommy.swift */,
				A78257B41EA0A2A600DA65FA /* UIButton+Tommy.swift */,
				A78257B51EA0A2A600DA65FA /* UIColor+Tommy.swift */,
				A78257B61EA0A2A600DA65FA /* UIDeviceExtensions.swift */,
				A78257B71EA0A2A600DA65FA /* UIImage+Tommy.swift */,
				A78257B91EA0A2A600DA65FA /* UITableView+Tommy.swift */,
				A78257BA1EA0A2A600DA65FA /* UIView+Tommy.swift */,
			);
			path = UIKit;
			sourceTree = "<group>";
		};
		A78257CE1EA0A45100DA65FA /* Main */ = {
			isa = PBXGroup;
			children = (
				A78257D01EA0A48200DA65FA /* MainViewController.swift */,
			);
			path = Main;
			sourceTree = "<group>";
		};
		A78257CF1EA0A45400DA65FA /* Root */ = {
			isa = PBXGroup;
			children = (
				A78257A41EA06A2A00DA65FA /* RootTabBarController.swift */,
				A78257541EA068D000DA65FA /* Root.storyboard */,
			);
			name = Root;
			sourceTree = "<group>";
		};
		A7AD6A111EA5C187008859D4 /* AccountBook */ = {
			isa = PBXGroup;
			children = (
				A7AD6A121EA5C26D008859D4 /* AccountBookMainViewController.swift */,
				A7AD6A141EA5C2EB008859D4 /* AccountBook.storyboard */,
			);
			path = AccountBook;
			sourceTree = "<group>";
		};
		A7AD6A161EA5FF8E008859D4 /* Mine */ = {
			isa = PBXGroup;
			children = (
				A7AD6A171EA5FF9A008859D4 /* MineMainViewController.swift */,
				A7AD6A191EA5FFEE008859D4 /* Mine.storyboard */,
			);
			path = Mine;
			sourceTree = "<group>";
		};
		A7AD6A1B1EA6F579008859D4 /* Chart */ = {
			isa = PBXGroup;
			children = (
			);
			path = Chart;
			sourceTree = "<group>";
		};
		A7AD6A1C1EA6F5B0008859D4 /* CustomTool */ = {
			isa = PBXGroup;
			children = (
				A7AD6A1D1EA6F5FE008859D4 /* TyLoadingView.swift */,
				A7AD6A1E1EA6F5FE008859D4 /* TyPlaceholderView.swift */,
			);
			path = CustomTool;
			sourceTree = "<group>";
		};
		E7B7CF34B96E0D6C25007308 /* Pods */ = {
			isa = PBXGroup;
			children = (
				A6AA4E3B5EC6BCDBCC66FB37 /* Pods-Invoker.debug.xcconfig */,
				8AEBA274BA00CAA74C058A11 /* Pods-Invoker.release.xcconfig */,
			);
			name = Pods;
			sourceTree = "<group>";
		};
		FD688D94B679F8C7C30AE249 /* Frameworks */ = {
			isa = PBXGroup;
			children = (
				1D7AC30AEE89A0BF5FDDC56A /* Pods_Invoker.framework */,
			);
			name = Frameworks;
			sourceTree = "<group>";
		};
/* End PBXGroup section */

/* Begin PBXNativeTarget section */
		A78256DC1E9F1B1500DA65FA /* Invoker */ = {
			isa = PBXNativeTarget;
			buildConfigurationList = A78257051E9F1B1500DA65FA /* Build configuration list for PBXNativeTarget "Invoker" */;
			buildPhases = (
				3052B1DE3D900852F923EC7C /* [CP] Check Pods Manifest.lock */,
				A78256D91E9F1B1500DA65FA /* Sources */,
				A78256DA1E9F1B1500DA65FA /* Frameworks */,
				A78256DB1E9F1B1500DA65FA /* Resources */,
				870621BE052DC3F5BF69DC81 /* [CP] Embed Pods Frameworks */,
				652D4EDA2C5DD5140B22A560 /* [CP] Copy Pods Resources */,
			);
			buildRules = (
			);
			dependencies = (
			);
			name = Invoker;
			productName = Invoker;
			productReference = A78256DD1E9F1B1500DA65FA /* Invoker.app */;
			productType = "com.apple.product-type.application";
		};
		A78256F01E9F1B1500DA65FA /* InvokerTests */ = {
			isa = PBXNativeTarget;
			buildConfigurationList = A78257081E9F1B1500DA65FA /* Build configuration list for PBXNativeTarget "InvokerTests" */;
			buildPhases = (
				A78256ED1E9F1B1500DA65FA /* Sources */,
				A78256EE1E9F1B1500DA65FA /* Frameworks */,
				A78256EF1E9F1B1500DA65FA /* Resources */,
			);
			buildRules = (
			);
			dependencies = (
				A78256F31E9F1B1500DA65FA /* PBXTargetDependency */,
			);
			name = InvokerTests;
			productName = InvokerTests;
			productReference = A78256F11E9F1B1500DA65FA /* InvokerTests.xctest */;
			productType = "com.apple.product-type.bundle.unit-test";
		};
		A78256FB1E9F1B1500DA65FA /* InvokerUITests */ = {
			isa = PBXNativeTarget;
			buildConfigurationList = A782570B1E9F1B1500DA65FA /* Build configuration list for PBXNativeTarget "InvokerUITests" */;
			buildPhases = (
				A78256F81E9F1B1500DA65FA /* Sources */,
				A78256F91E9F1B1500DA65FA /* Frameworks */,
				A78256FA1E9F1B1500DA65FA /* Resources */,
			);
			buildRules = (
			);
			dependencies = (
				A78256FE1E9F1B1500DA65FA /* PBXTargetDependency */,
			);
			name = InvokerUITests;
			productName = InvokerUITests;
			productReference = A78256FC1E9F1B1500DA65FA /* InvokerUITests.xctest */;
			productType = "com.apple.product-type.bundle.ui-testing";
		};
/* End PBXNativeTarget section */

/* Begin PBXProject section */
		A78256D51E9F1B1500DA65FA /* Project object */ = {
			isa = PBXProject;
			attributes = {
				LastSwiftUpdateCheck = 0830;
				LastUpgradeCheck = 0830;
				ORGANIZATIONNAME = Tommy;
				TargetAttributes = {
					A78256DC1E9F1B1500DA65FA = {
						CreatedOnToolsVersion = 8.3;
						ProvisioningStyle = Automatic;
					};
					A78256F01E9F1B1500DA65FA = {
						CreatedOnToolsVersion = 8.3;
						ProvisioningStyle = Automatic;
						TestTargetID = A78256DC1E9F1B1500DA65FA;
					};
					A78256FB1E9F1B1500DA65FA = {
						CreatedOnToolsVersion = 8.3;
						ProvisioningStyle = Automatic;
						TestTargetID = A78256DC1E9F1B1500DA65FA;
					};
				};
			};
			buildConfigurationList = A78256D81E9F1B1500DA65FA /* Build configuration list for PBXProject "Invoker" */;
			compatibilityVersion = "Xcode 3.2";
			developmentRegion = English;
			hasScannedForEncodings = 0;
			knownRegions = (
				en,
				Base,
			);
			mainGroup = A78256D41E9F1B1500DA65FA;
			productRefGroup = A78256DE1E9F1B1500DA65FA /* Products */;
			projectDirPath = "";
			projectRoot = "";
			targets = (
				A78256DC1E9F1B1500DA65FA /* Invoker */,
				A78256F01E9F1B1500DA65FA /* InvokerTests */,
				A78256FB1E9F1B1500DA65FA /* InvokerUITests */,
			);
		};
/* End PBXProject section */

/* Begin PBXResourcesBuildPhase section */
		A78256DB1E9F1B1500DA65FA /* Resources */ = {
			isa = PBXResourcesBuildPhase;
			buildActionMask = 2147483647;
			files = (
				A78256EB1E9F1B1500DA65FA /* LaunchScreen.storyboard in Resources */,
				A7AD6A151EA5C2EB008859D4 /* AccountBook.storyboard in Resources */,
				A7AD6A1A1EA5FFEE008859D4 /* Mine.storyboard in Resources */,
				A78256E81E9F1B1500DA65FA /* Assets.xcassets in Resources */,
				A78257971EA068D000DA65FA /* Root.storyboard in Resources */,
			);
			runOnlyForDeploymentPostprocessing = 0;
		};
		A78256EF1E9F1B1500DA65FA /* Resources */ = {
			isa = PBXResourcesBuildPhase;
			buildActionMask = 2147483647;
			files = (
			);
			runOnlyForDeploymentPostprocessing = 0;
		};
		A78256FA1E9F1B1500DA65FA /* Resources */ = {
			isa = PBXResourcesBuildPhase;
			buildActionMask = 2147483647;
			files = (
			);
			runOnlyForDeploymentPostprocessing = 0;
		};
/* End PBXResourcesBuildPhase section */

/* Begin PBXShellScriptBuildPhase section */
		3052B1DE3D900852F923EC7C /* [CP] Check Pods Manifest.lock */ = {
			isa = PBXShellScriptBuildPhase;
			buildActionMask = 2147483647;
			files = (
			);
			inputPaths = (
			);
			name = "[CP] Check Pods Manifest.lock";
			outputPaths = (
			);
			runOnlyForDeploymentPostprocessing = 0;
			shellPath = /bin/sh;
			shellScript = "diff \"${PODS_PODFILE_DIR_PATH}/Podfile.lock\" \"${PODS_ROOT}/Manifest.lock\" > /dev/null\nif [ $? != 0 ] ; then\n    # print error to STDERR\n    echo \"error: The sandbox is not in sync with the Podfile.lock. Run 'pod install' or update your CocoaPods installation.\" >&2\n    exit 1\nfi\n";
			showEnvVarsInLog = 0;
		};
		652D4EDA2C5DD5140B22A560 /* [CP] Copy Pods Resources */ = {
			isa = PBXShellScriptBuildPhase;
			buildActionMask = 2147483647;
			files = (
			);
			inputPaths = (
			);
			name = "[CP] Copy Pods Resources";
			outputPaths = (
			);
			runOnlyForDeploymentPostprocessing = 0;
			shellPath = /bin/sh;
			shellScript = "\"${SRCROOT}/Pods/Target Support Files/Pods-Invoker/Pods-Invoker-resources.sh\"\n";
			showEnvVarsInLog = 0;
		};
		870621BE052DC3F5BF69DC81 /* [CP] Embed Pods Frameworks */ = {
			isa = PBXShellScriptBuildPhase;
			buildActionMask = 2147483647;
			files = (
			);
			inputPaths = (
			);
			name = "[CP] Embed Pods Frameworks";
			outputPaths = (
			);
			runOnlyForDeploymentPostprocessing = 0;
			shellPath = /bin/sh;
			shellScript = "\"${SRCROOT}/Pods/Target Support Files/Pods-Invoker/Pods-Invoker-frameworks.sh\"\n";
			showEnvVarsInLog = 0;
		};
/* End PBXShellScriptBuildPhase section */

/* Begin PBXSourcesBuildPhase section */
		A78256D91E9F1B1500DA65FA /* Sources */ = {
			isa = PBXSourcesBuildPhase;
			buildActionMask = 2147483647;
			files = (
				A782577E1EA068D000DA65FA /* TyRegular.swift in Sources */,
				A78257CD1EA0A2A600DA65FA /* UIViewController+Tommy.swift in Sources */,
				A7AD6A1F1EA6F5FE008859D4 /* TyLoadingView.swift in Sources */,
				A782577A1EA068D000DA65FA /* StartService.swift in Sources */,
				A78257BD1EA0A2A600DA65FA /* CGFloat+Tommy.swift in Sources */,
				A782577C1EA068D000DA65FA /* AppInfo.swift in Sources */,
				A78257BF1EA0A2A600DA65FA /* Dictionary+Tommy.swift in Sources */,
				A78257C51EA0A2A600DA65FA /* CAShapeLayer+Tommy.swift in Sources */,
				A78257791EA068D000DA65FA /* NetworkService.swift in Sources */,
				A7AD6A201EA6F5FE008859D4 /* TyPlaceholderView.swift in Sources */,
				A782577B1EA068D000DA65FA /* UserDefaultsService.swift in Sources */,
				A78257C01EA0A2A600DA65FA /* Int+Tommy.swift in Sources */,
				A78257C21EA0A2A600DA65FA /* String+Tommy.swift in Sources */,
				A78257C31EA0A2A600DA65FA /* Timer+Tommy.swift in Sources */,
				A78257CB1EA0A2A600DA65FA /* UITableView+Tommy.swift in Sources */,
				A7AD6A131EA5C26D008859D4 /* AccountBookMainViewController.swift in Sources */,
				A782577D1EA068D000DA65FA /* TyAlertHUD.swift in Sources */,
				A78257CC1EA0A2A600DA65FA /* UIView+Tommy.swift in Sources */,
				A7AD6A181EA5FF9A008859D4 /* MineMainViewController.swift in Sources */,
				A78257CA1EA0A2A600DA65FA /* UIStoryBoard+Tommy.swift in Sources */,
				A78257C81EA0A2A600DA65FA /* UIDeviceExtensions.swift in Sources */,
				A78257D31EA0AB9B00DA65FA /* BlockButton.swift in Sources */,
				A78257BC1EA0A2A600DA65FA /* Array+Tommy.swift in Sources */,
				A78257BE1EA0A2A600DA65FA /* Date+Tommy.swift in Sources */,
				A78257621EA068D000DA65FA /* BaseNavigationController.swift in Sources */,
				A78257D11EA0A48200DA65FA /* MainViewController.swift in Sources */,
				A78257C61EA0A2A600DA65FA /* UIButton+Tommy.swift in Sources */,
				A78257C71EA0A2A600DA65FA /* UIColor+Tommy.swift in Sources */,
				A78257A51EA06A2A00DA65FA /* RootTabBarController.swift in Sources */,
				A78257C11EA0A2A600DA65FA /* NSAttributedString+Tommy.swift in Sources */,
				A78256E11E9F1B1500DA65FA /* AppDelegate.swift in Sources */,
				A78257631EA068D000DA65FA /* BaseViewController.swift in Sources */,
				A78257C91EA0A2A600DA65FA /* UIImage+Tommy.swift in Sources */,
				A78257781EA068D000DA65FA /* ConstDataService.swift in Sources */,
			);
			runOnlyForDeploymentPostprocessing = 0;
		};
		A78256ED1E9F1B1500DA65FA /* Sources */ = {
			isa = PBXSourcesBuildPhase;
			buildActionMask = 2147483647;
			files = (
				A78256F61E9F1B1500DA65FA /* InvokerTests.swift in Sources */,
			);
			runOnlyForDeploymentPostprocessing = 0;
		};
		A78256F81E9F1B1500DA65FA /* Sources */ = {
			isa = PBXSourcesBuildPhase;
			buildActionMask = 2147483647;
			files = (
				A78257011E9F1B1500DA65FA /* InvokerUITests.swift in Sources */,
			);
			runOnlyForDeploymentPostprocessing = 0;
		};
/* End PBXSourcesBuildPhase section */

/* Begin PBXTargetDependency section */
		A78256F31E9F1B1500DA65FA /* PBXTargetDependency */ = {
			isa = PBXTargetDependency;
			target = A78256DC1E9F1B1500DA65FA /* Invoker */;
			targetProxy = A78256F21E9F1B1500DA65FA /* PBXContainerItemProxy */;
		};
		A78256FE1E9F1B1500DA65FA /* PBXTargetDependency */ = {
			isa = PBXTargetDependency;
			target = A78256DC1E9F1B1500DA65FA /* Invoker */;
			targetProxy = A78256FD1E9F1B1500DA65FA /* PBXContainerItemProxy */;
		};
/* End PBXTargetDependency section */

/* Begin PBXVariantGroup section */
		A78256E91E9F1B1500DA65FA /* LaunchScreen.storyboard */ = {
			isa = PBXVariantGroup;
			children = (
				A78256EA1E9F1B1500DA65FA /* Base */,
			);
			name = LaunchScreen.storyboard;
			sourceTree = "<group>";
		};
/* End PBXVariantGroup section */

/* Begin XCBuildConfiguration section */
		A78257031E9F1B1500DA65FA /* Debug */ = {
			isa = XCBuildConfiguration;
			buildSettings = {
				ALWAYS_SEARCH_USER_PATHS = NO;
				CLANG_ANALYZER_NONNULL = YES;
				CLANG_ANALYZER_NUMBER_OBJECT_CONVERSION = YES_AGGRESSIVE;
				CLANG_CXX_LANGUAGE_STANDARD = "gnu++0x";
				CLANG_CXX_LIBRARY = "libc++";
				CLANG_ENABLE_MODULES = YES;
				CLANG_ENABLE_OBJC_ARC = YES;
				CLANG_WARN_BOOL_CONVERSION = YES;
				CLANG_WARN_CONSTANT_CONVERSION = YES;
				CLANG_WARN_DIRECT_OBJC_ISA_USAGE = YES_ERROR;
				CLANG_WARN_DOCUMENTATION_COMMENTS = YES;
				CLANG_WARN_EMPTY_BODY = YES;
				CLANG_WARN_ENUM_CONVERSION = YES;
				CLANG_WARN_INFINITE_RECURSION = YES;
				CLANG_WARN_INT_CONVERSION = YES;
				CLANG_WARN_OBJC_ROOT_CLASS = YES_ERROR;
				CLANG_WARN_SUSPICIOUS_MOVE = YES;
				CLANG_WARN_UNREACHABLE_CODE = YES;
				CLANG_WARN__DUPLICATE_METHOD_MATCH = YES;
				"CODE_SIGN_IDENTITY[sdk=iphoneos*]" = "iPhone Developer";
				COPY_PHASE_STRIP = NO;
				DEBUG_INFORMATION_FORMAT = dwarf;
				ENABLE_STRICT_OBJC_MSGSEND = YES;
				ENABLE_TESTABILITY = YES;
				GCC_C_LANGUAGE_STANDARD = gnu99;
				GCC_DYNAMIC_NO_PIC = NO;
				GCC_NO_COMMON_BLOCKS = YES;
				GCC_OPTIMIZATION_LEVEL = 0;
				GCC_PREPROCESSOR_DEFINITIONS = (
					"DEBUG=1",
					"$(inherited)",
				);
				GCC_WARN_64_TO_32_BIT_CONVERSION = YES;
				GCC_WARN_ABOUT_RETURN_TYPE = YES_ERROR;
				GCC_WARN_UNDECLARED_SELECTOR = YES;
				GCC_WARN_UNINITIALIZED_AUTOS = YES_AGGRESSIVE;
				GCC_WARN_UNUSED_FUNCTION = YES;
				GCC_WARN_UNUSED_VARIABLE = YES;
				IPHONEOS_DEPLOYMENT_TARGET = 10.3;
				MTL_ENABLE_DEBUG_INFO = YES;
				ONLY_ACTIVE_ARCH = YES;
				SDKROOT = iphoneos;
				SWIFT_ACTIVE_COMPILATION_CONDITIONS = DEBUG;
				SWIFT_OPTIMIZATION_LEVEL = "-Onone";
				TARGETED_DEVICE_FAMILY = "1,2";
			};
			name = Debug;
		};
		A78257041E9F1B1500DA65FA /* Release */ = {
			isa = XCBuildConfiguration;
			buildSettings = {
				ALWAYS_SEARCH_USER_PATHS = NO;
				CLANG_ANALYZER_NONNULL = YES;
				CLANG_ANALYZER_NUMBER_OBJECT_CONVERSION = YES_AGGRESSIVE;
				CLANG_CXX_LANGUAGE_STANDARD = "gnu++0x";
				CLANG_CXX_LIBRARY = "libc++";
				CLANG_ENABLE_MODULES = YES;
				CLANG_ENABLE_OBJC_ARC = YES;
				CLANG_WARN_BOOL_CONVERSION = YES;
				CLANG_WARN_CONSTANT_CONVERSION = YES;
				CLANG_WARN_DIRECT_OBJC_ISA_USAGE = YES_ERROR;
				CLANG_WARN_DOCUMENTATION_COMMENTS = YES;
				CLANG_WARN_EMPTY_BODY = YES;
				CLANG_WARN_ENUM_CONVERSION = YES;
				CLANG_WARN_INFINITE_RECURSION = YES;
				CLANG_WARN_INT_CONVERSION = YES;
				CLANG_WARN_OBJC_ROOT_CLASS = YES_ERROR;
				CLANG_WARN_SUSPICIOUS_MOVE = YES;
				CLANG_WARN_UNREACHABLE_CODE = YES;
				CLANG_WARN__DUPLICATE_METHOD_MATCH = YES;
				"CODE_SIGN_IDENTITY[sdk=iphoneos*]" = "iPhone Developer";
				COPY_PHASE_STRIP = NO;
				DEBUG_INFORMATION_FORMAT = "dwarf-with-dsym";
				ENABLE_NS_ASSERTIONS = NO;
				ENABLE_STRICT_OBJC_MSGSEND = YES;
				GCC_C_LANGUAGE_STANDARD = gnu99;
				GCC_NO_COMMON_BLOCKS = YES;
				GCC_WARN_64_TO_32_BIT_CONVERSION = YES;
				GCC_WARN_ABOUT_RETURN_TYPE = YES_ERROR;
				GCC_WARN_UNDECLARED_SELECTOR = YES;
				GCC_WARN_UNINITIALIZED_AUTOS = YES_AGGRESSIVE;
				GCC_WARN_UNUSED_FUNCTION = YES;
				GCC_WARN_UNUSED_VARIABLE = YES;
				IPHONEOS_DEPLOYMENT_TARGET = 10.3;
				MTL_ENABLE_DEBUG_INFO = NO;
				SDKROOT = iphoneos;
				SWIFT_OPTIMIZATION_LEVEL = "-Owholemodule";
				TARGETED_DEVICE_FAMILY = "1,2";
				VALIDATE_PRODUCT = YES;
			};
			name = Release;
		};
		A78257061E9F1B1500DA65FA /* Debug */ = {
			isa = XCBuildConfiguration;
			baseConfigurationReference = A6AA4E3B5EC6BCDBCC66FB37 /* Pods-Invoker.debug.xcconfig */;
			buildSettings = {
				ASSETCATALOG_COMPILER_APPICON_NAME = AppIcon;
				INFOPLIST_FILE = Invoker/Info.plist;
				IPHONEOS_DEPLOYMENT_TARGET = 9.0;
				LD_RUNPATH_SEARCH_PATHS = "$(inherited) @executable_path/Frameworks";
				OTHER_SWIFT_FLAGS = "$(inherited) \"-D\" \"COCOAPODS\" -D DEBUG";
				PRODUCT_BUNDLE_IDENTIFIER = com.tommy.Invoker;
				PRODUCT_NAME = "$(TARGET_NAME)";
				SWIFT_VERSION = 3.0;
			};
			name = Debug;
		};
		A78257071E9F1B1500DA65FA /* Release */ = {
			isa = XCBuildConfiguration;
			baseConfigurationReference = 8AEBA274BA00CAA74C058A11 /* Pods-Invoker.release.xcconfig */;
			buildSettings = {
				ASSETCATALOG_COMPILER_APPICON_NAME = AppIcon;
				INFOPLIST_FILE = Invoker/Info.plist;
				IPHONEOS_DEPLOYMENT_TARGET = 9.0;
				LD_RUNPATH_SEARCH_PATHS = "$(inherited) @executable_path/Frameworks";
				PRODUCT_BUNDLE_IDENTIFIER = com.tommy.Invoker;
				PRODUCT_NAME = "$(TARGET_NAME)";
				SWIFT_VERSION = 3.0;
			};
			name = Release;
		};
		A78257091E9F1B1500DA65FA /* Debug */ = {
			isa = XCBuildConfiguration;
			buildSettings = {
				ALWAYS_EMBED_SWIFT_STANDARD_LIBRARIES = YES;
				BUNDLE_LOADER = "$(TEST_HOST)";
				INFOPLIST_FILE = InvokerTests/Info.plist;
				LD_RUNPATH_SEARCH_PATHS = "$(inherited) @executable_path/Frameworks @loader_path/Frameworks";
				PRODUCT_BUNDLE_IDENTIFIER = com.tommy.InvokerTests;
				PRODUCT_NAME = "$(TARGET_NAME)";
				SWIFT_VERSION = 3.0;
				TEST_HOST = "$(BUILT_PRODUCTS_DIR)/Invoker.app/Invoker";
			};
			name = Debug;
		};
		A782570A1E9F1B1500DA65FA /* Release */ = {
			isa = XCBuildConfiguration;
			buildSettings = {
				ALWAYS_EMBED_SWIFT_STANDARD_LIBRARIES = YES;
				BUNDLE_LOADER = "$(TEST_HOST)";
				INFOPLIST_FILE = InvokerTests/Info.plist;
				LD_RUNPATH_SEARCH_PATHS = "$(inherited) @executable_path/Frameworks @loader_path/Frameworks";
				PRODUCT_BUNDLE_IDENTIFIER = com.tommy.InvokerTests;
				PRODUCT_NAME = "$(TARGET_NAME)";
				SWIFT_VERSION = 3.0;
				TEST_HOST = "$(BUILT_PRODUCTS_DIR)/Invoker.app/Invoker";
			};
			name = Release;
		};
		A782570C1E9F1B1500DA65FA /* Debug */ = {
			isa = XCBuildConfiguration;
			buildSettings = {
				ALWAYS_EMBED_SWIFT_STANDARD_LIBRARIES = YES;
				INFOPLIST_FILE = InvokerUITests/Info.plist;
				LD_RUNPATH_SEARCH_PATHS = "$(inherited) @executable_path/Frameworks @loader_path/Frameworks";
				PRODUCT_BUNDLE_IDENTIFIER = com.tommy.InvokerUITests;
				PRODUCT_NAME = "$(TARGET_NAME)";
				SWIFT_VERSION = 3.0;
				TEST_TARGET_NAME = Invoker;
			};
			name = Debug;
		};
		A782570D1E9F1B1500DA65FA /* Release */ = {
			isa = XCBuildConfiguration;
			buildSettings = {
				ALWAYS_EMBED_SWIFT_STANDARD_LIBRARIES = YES;
				INFOPLIST_FILE = InvokerUITests/Info.plist;
				LD_RUNPATH_SEARCH_PATHS = "$(inherited) @executable_path/Frameworks @loader_path/Frameworks";
				PRODUCT_BUNDLE_IDENTIFIER = com.tommy.InvokerUITests;
				PRODUCT_NAME = "$(TARGET_NAME)";
				SWIFT_VERSION = 3.0;
				TEST_TARGET_NAME = Invoker;
			};
			name = Release;
		};
/* End XCBuildConfiguration section */

/* Begin XCConfigurationList section */
		A78256D81E9F1B1500DA65FA /* Build configuration list for PBXProject "Invoker" */ = {
			isa = XCConfigurationList;
			buildConfigurations = (
				A78257031E9F1B1500DA65FA /* Debug */,
				A78257041E9F1B1500DA65FA /* Release */,
			);
			defaultConfigurationIsVisible = 0;
			defaultConfigurationName = Release;
		};
		A78257051E9F1B1500DA65FA /* Build configuration list for PBXNativeTarget "Invoker" */ = {
			isa = XCConfigurationList;
			buildConfigurations = (
				A78257061E9F1B1500DA65FA /* Debug */,
				A78257071E9F1B1500DA65FA /* Release */,
			);
			defaultConfigurationIsVisible = 0;
			defaultConfigurationName = Release;
		};
		A78257081E9F1B1500DA65FA /* Build configuration list for PBXNativeTarget "InvokerTests" */ = {
			isa = XCConfigurationList;
			buildConfigurations = (
				A78257091E9F1B1500DA65FA /* Debug */,
				A782570A1E9F1B1500DA65FA /* Release */,
			);
			defaultConfigurationIsVisible = 0;
			defaultConfigurationName = Release;
		};
		A782570B1E9F1B1500DA65FA /* Build configuration list for PBXNativeTarget "InvokerUITests" */ = {
			isa = XCConfigurationList;
			buildConfigurations = (
				A782570C1E9F1B1500DA65FA /* Debug */,
				A782570D1E9F1B1500DA65FA /* Release */,
			);
			defaultConfigurationIsVisible = 0;
			defaultConfigurationName = Release;
		};
/* End XCConfigurationList section */
	};
	rootObject = A78256D51E9F1B1500DA65FA /* Project object */;
}
